
Microsoft Visual Studio Solution File, Format Version 12.00
# Visual Studio Version 17
VisualStudioVersion = 17.10.35013.160
MinimumVisualStudioVersion = 10.0.40219.1
Project("{FAE04EC0-301F-11D3-BF4B-00C04F79EFBC}") = "QuanLyQuanCafe", "QuanLyQuanCafe.csproj", "{5C265DE9-796D-4B3D-B4FF-B46953B0901A}"
EndProject
Global
	GlobalSection(SolutionConfigurationPlatforms) = preSolution
		Debug|Any CPU = Debug|Any CPU
		Release|Any CPU = Release|Any CPU
	EndGlobalSection
	GlobalSection(ProjectConfigurationPlatforms) = postSolution
		{5C265DE9-796D-4B3D-B4FF-B46953B0901A}.Debug|Any CPU.ActiveCfg = Debug|Any CPU
		{5C265DE9-796D-4B3D-B4FF-B46953B0901A}.Debug|Any CPU.Build.0 = Debug|Any CPU
		{5C265DE9-796D-4B3D-B4FF-B46953B0901A}.Release|Any CPU.ActiveCfg = Release|Any CPU
		{5C265DE9-796D-4B3D-B4FF-B46953B0901A}.Release|Any CPU.Build.0 = Release|Any CPU
	EndGlobalSection
	GlobalSection(SolutionProperties) = preSolution
		HideSolutionNode = FALSE
	EndGlobalSection
	GlobalSection(ExtensibilityGlobals) = postSolution
		SolutionGuid = {4CEBE01F-BBDC-4B32-812C-0DAF54934125}
	EndGlobalSection
EndGlobal
